// !$*UTF8*$!
{
	archiveVersion = 1;
	classes = {
	};
	objectVersion = 55;
	objects = {

/* Begin PBXBuildFile section */
		8BE466C1041BE7D37A81305E /* Pods_CVRecorderSampleApp.framework in Frameworks */ = {isa = PBXBuildFile; fileRef = 7CDC2E5AB59526F195AF98E1 /* Pods_CVRecorderSampleApp.framework */; };
		BC9B6E0E28221CD200A701C8 /* AppDelegate.swift in Sources */ = {isa = PBXBuildFile; fileRef = BC9B6E0D28221CD200A701C8 /* AppDelegate.swift */; };
		BC9B6E1028221CD200A701C8 /* SceneDelegate.swift in Sources */ = {isa = PBXBuildFile; fileRef = BC9B6E0F28221CD200A701C8 /* SceneDelegate.swift */; };
		BC9B6E1228221CD200A701C8 /* ViewController.swift in Sources */ = {isa = PBXBuildFile; fileRef = BC9B6E1128221CD200A701C8 /* ViewController.swift */; };
		BC9B6E1528221CD200A701C8 /* Main.storyboard in Resources */ = {isa = PBXBuildFile; fileRef = BC9B6E1328221CD200A701C8 /* Main.storyboard */; };
		BC9B6E1728221CD400A701C8 /* Assets.xcassets in Resources */ = {isa = PBXBuildFile; fileRef = BC9B6E1628221CD400A701C8 /* Assets.xcassets */; };
		BC9B6E1A28221CD400A701C8 /* LaunchScreen.storyboard in Resources */ = {isa = PBXBuildFile; fileRef = BC9B6E1828221CD400A701C8 /* LaunchScreen.storyboard */; };
		BC9B6E61282224C600A701C8 /* CVRecorder.framework in Frameworks */ = {isa = PBXBuildFile; fileRef = BC9B6E58282223C800A701C8 /* CVRecorder.framework */; };
		BC9B6E62282224C600A701C8 /* CVRecorder.framework in Embed Frameworks */ = {isa = PBXBuildFile; fileRef = BC9B6E58282223C800A701C8 /* CVRecorder.framework */; settings = {ATTRIBUTES = (CodeSignOnCopy, RemoveHeadersOnCopy, ); }; };
		BCBB9DF42897E21900EF5635 /* ExperimentsMenuViewController.swift in Sources */ = {isa = PBXBuildFile; fileRef = BCBB9DF22897E21900EF5635 /* ExperimentsMenuViewController.swift */; };
		BCBB9DF52897E21900EF5635 /* ExperimentsMenuViewController.xib in Resources */ = {isa = PBXBuildFile; fileRef = BCBB9DF32897E21900EF5635 /* ExperimentsMenuViewController.xib */; };
		BCBB9DF92897E44000EF5635 /* MenuTableViewCell.swift in Sources */ = {isa = PBXBuildFile; fileRef = BCBB9DF72897E44000EF5635 /* MenuTableViewCell.swift */; };
		BCBB9DFA2897E44000EF5635 /* MenuTableViewCell.xib in Resources */ = {isa = PBXBuildFile; fileRef = BCBB9DF82897E44000EF5635 /* MenuTableViewCell.xib */; };
		BCBB9E002897EB8800EF5635 /* SppecToTextViewController.swift in Sources */ = {isa = PBXBuildFile; fileRef = BCBB9DFE2897EB8800EF5635 /* SppecToTextViewController.swift */; };
		BCBB9E012897EB8800EF5635 /* SppecToTextViewController.xib in Resources */ = {isa = PBXBuildFile; fileRef = BCBB9DFF2897EB8800EF5635 /* SppecToTextViewController.xib */; };
		BCC3CFCB28509D1900633A5C /* VideoPlayerViewController.swift in Sources */ = {isa = PBXBuildFile; fileRef = BCC3CFC928509D1800633A5C /* VideoPlayerViewController.swift */; };
		BCC3CFCC28509D1900633A5C /* VideoPlayerViewController.xib in Resources */ = {isa = PBXBuildFile; fileRef = BCC3CFCA28509D1800633A5C /* VideoPlayerViewController.xib */; };
/* End PBXBuildFile section */

/* Begin PBXContainerItemProxy section */
		BC9B6E57282223C800A701C8 /* PBXContainerItemProxy */ = {
			isa = PBXContainerItemProxy;
			containerPortal = BC9B6E52282223C800A701C8 /* CVRecorder.xcodeproj */;
			proxyType = 2;
			remoteGlobalIDString = BC9B6E382822238E00A701C8;
			remoteInfo = CVRecorder;
		};
		BC9B6E59282223C800A701C8 /* PBXContainerItemProxy */ = {
			isa = PBXContainerItemProxy;
			containerPortal = BC9B6E52282223C800A701C8 /* CVRecorder.xcodeproj */;
			proxyType = 2;
			remoteGlobalIDString = BC9B6E422822238F00A701C8;
			remoteInfo = CVRecorderTests;
		};
/* End PBXContainerItemProxy section */

/* Begin PBXCopyFilesBuildPhase section */
		BC9B6E63282224C600A701C8 /* Embed Frameworks */ = {
			isa = PBXCopyFilesBuildPhase;
			buildActionMask = 2147483647;
			dstPath = "";
			dstSubfolderSpec = 10;
			files = (
				BC9B6E62282224C600A701C8 /* CVRecorder.framework in Embed Frameworks */,
			);
			name = "Embed Frameworks";
			runOnlyForDeploymentPostprocessing = 0;
		};
/* End PBXCopyFilesBuildPhase section */

/* Begin PBXFileReference section */
		1E40461B46CD4AFF8695B73B /* Pods-CVRecorderSampleApp.release.xcconfig */ = {isa = PBXFileReference; includeInIndex = 1; lastKnownFileType = text.xcconfig; name = "Pods-CVRecorderSampleApp.release.xcconfig"; path = "Target Support Files/Pods-CVRecorderSampleApp/Pods-CVRecorderSampleApp.release.xcconfig"; sourceTree = "<group>"; };
		7CDC2E5AB59526F195AF98E1 /* Pods_CVRecorderSampleApp.framework */ = {isa = PBXFileReference; explicitFileType = wrapper.framework; includeInIndex = 0; path = Pods_CVRecorderSampleApp.framework; sourceTree = BUILT_PRODUCTS_DIR; };
		9D58114579EDCD6BDE907B96 /* Pods-CVRecorderSampleApp.debug.xcconfig */ = {isa = PBXFileReference; includeInIndex = 1; lastKnownFileType = text.xcconfig; name = "Pods-CVRecorderSampleApp.debug.xcconfig"; path = "Target Support Files/Pods-CVRecorderSampleApp/Pods-CVRecorderSampleApp.debug.xcconfig"; sourceTree = "<group>"; };
		BC9B6E0A28221CD200A701C8 /* CVRecorderSampleApp.app */ = {isa = PBXFileReference; explicitFileType = wrapper.application; includeInIndex = 0; path = CVRecorderSampleApp.app; sourceTree = BUILT_PRODUCTS_DIR; };
		BC9B6E0D28221CD200A701C8 /* AppDelegate.swift */ = {isa = PBXFileReference; lastKnownFileType = sourcecode.swift; path = AppDelegate.swift; sourceTree = "<group>"; };
		BC9B6E0F28221CD200A701C8 /* SceneDelegate.swift */ = {isa = PBXFileReference; lastKnownFileType = sourcecode.swift; path = SceneDelegate.swift; sourceTree = "<group>"; };
		BC9B6E1128221CD200A701C8 /* ViewController.swift */ = {isa = PBXFileReference; lastKnownFileType = sourcecode.swift; path = ViewController.swift; sourceTree = "<group>"; };
		BC9B6E1428221CD200A701C8 /* Base */ = {isa = PBXFileReference; lastKnownFileType = file.storyboard; name = Base; path = Base.lproj/Main.storyboard; sourceTree = "<group>"; };
		BC9B6E1628221CD400A701C8 /* Assets.xcassets */ = {isa = PBXFileReference; lastKnownFileType = folder.assetcatalog; path = Assets.xcassets; sourceTree = "<group>"; };
		BC9B6E1928221CD400A701C8 /* Base */ = {isa = PBXFileReference; lastKnownFileType = file.storyboard; name = Base; path = Base.lproj/LaunchScreen.storyboard; sourceTree = "<group>"; };
		BC9B6E1B28221CD400A701C8 /* Info.plist */ = {isa = PBXFileReference; lastKnownFileType = text.plist.xml; path = Info.plist; sourceTree = "<group>"; };
		BC9B6E52282223C800A701C8 /* CVRecorder.xcodeproj */ = {isa = PBXFileReference; lastKnownFileType = "wrapper.pb-project"; name = CVRecorder.xcodeproj; path = ../../framework/CVRecorder/CVRecorder.xcodeproj; sourceTree = "<group>"; };
		BCBB9DF22897E21900EF5635 /* ExperimentsMenuViewController.swift */ = {isa = PBXFileReference; lastKnownFileType = sourcecode.swift; path = ExperimentsMenuViewController.swift; sourceTree = "<group>"; };
		BCBB9DF32897E21900EF5635 /* ExperimentsMenuViewController.xib */ = {isa = PBXFileReference; lastKnownFileType = file.xib; path = ExperimentsMenuViewController.xib; sourceTree = "<group>"; };
		BCBB9DF72897E44000EF5635 /* MenuTableViewCell.swift */ = {isa = PBXFileReference; lastKnownFileType = sourcecode.swift; path = MenuTableViewCell.swift; sourceTree = "<group>"; };
		BCBB9DF82897E44000EF5635 /* MenuTableViewCell.xib */ = {isa = PBXFileReference; lastKnownFileType = file.xib; path = MenuTableViewCell.xib; sourceTree = "<group>"; };
		BCBB9DFE2897EB8800EF5635 /* SppecToTextViewController.swift */ = {isa = PBXFileReference; lastKnownFileType = sourcecode.swift; path = SppecToTextViewController.swift; sourceTree = "<group>"; };
		BCBB9DFF2897EB8800EF5635 /* SppecToTextViewController.xib */ = {isa = PBXFileReference; lastKnownFileType = file.xib; path = SppecToTextViewController.xib; sourceTree = "<group>"; };
		BCC3CFC928509D1800633A5C /* VideoPlayerViewController.swift */ = {isa = PBXFileReference; lastKnownFileType = sourcecode.swift; path = VideoPlayerViewController.swift; sourceTree = "<group>"; };
		BCC3CFCA28509D1800633A5C /* VideoPlayerViewController.xib */ = {isa = PBXFileReference; lastKnownFileType = file.xib; path = VideoPlayerViewController.xib; sourceTree = "<group>"; };
/* End PBXFileReference section */

/* Begin PBXFrameworksBuildPhase section */
		BC9B6E0728221CD200A701C8 /* Frameworks */ = {
			isa = PBXFrameworksBuildPhase;
			buildActionMask = 2147483647;
			files = (
				BC9B6E61282224C600A701C8 /* CVRecorder.framework in Frameworks */,
				8BE466C1041BE7D37A81305E /* Pods_CVRecorderSampleApp.framework in Frameworks */,
			);
			runOnlyForDeploymentPostprocessing = 0;
		};
/* End PBXFrameworksBuildPhase section */

/* Begin PBXGroup section */
		896212137C3A4DDA7E0B811A /* Pods */ = {
			isa = PBXGroup;
			children = (
				9D58114579EDCD6BDE907B96 /* Pods-CVRecorderSampleApp.debug.xcconfig */,
				1E40461B46CD4AFF8695B73B /* Pods-CVRecorderSampleApp.release.xcconfig */,
			);
			path = Pods;
			sourceTree = "<group>";
		};
		BC9B6E0128221CD200A701C8 = {
			isa = PBXGroup;
			children = (
				BC9B6E0C28221CD200A701C8 /* CVRecorderSampleApp */,
				BC9B6E0B28221CD200A701C8 /* Products */,
				BC9B6E2A282221CB00A701C8 /* Frameworks */,
				896212137C3A4DDA7E0B811A /* Pods */,
			);
			sourceTree = "<group>";
		};
		BC9B6E0B28221CD200A701C8 /* Products */ = {
			isa = PBXGroup;
			children = (
				BC9B6E0A28221CD200A701C8 /* CVRecorderSampleApp.app */,
			);
			name = Products;
			sourceTree = "<group>";
		};
		BC9B6E0C28221CD200A701C8 /* CVRecorderSampleApp */ = {
			isa = PBXGroup;
			children = (
				BCBB9E02289A2E9400EF5635 /* Video Recorder */,
				BCBB9DFC2897E92D00EF5635 /* Audio  */,
				BCBB9DFB2897E92000EF5635 /* Video Player */,
				BCBB9DEF2897E20700EF5635 /* Menu */,
				BC9B6E52282223C800A701C8 /* CVRecorder.xcodeproj */,
				BC9B6E0D28221CD200A701C8 /* AppDelegate.swift */,
				BC9B6E0F28221CD200A701C8 /* SceneDelegate.swift */,
				BC9B6E1628221CD400A701C8 /* Assets.xcassets */,
				BC9B6E1828221CD400A701C8 /* LaunchScreen.storyboard */,
				BC9B6E1B28221CD400A701C8 /* Info.plist */,
			);
			path = CVRecorderSampleApp;
			sourceTree = "<group>";
		};
		BC9B6E2A282221CB00A701C8 /* Frameworks */ = {
			isa = PBXGroup;
			children = (
				7CDC2E5AB59526F195AF98E1 /* Pods_CVRecorderSampleApp.framework */,
			);
			name = Frameworks;
			sourceTree = "<group>";
		};
		BC9B6E53282223C800A701C8 /* Products */ = {
			isa = PBXGroup;
			children = (
				BC9B6E58282223C800A701C8 /* CVRecorder.framework */,
				BC9B6E5A282223C800A701C8 /* CVRecorderTests.xctest */,
			);
			name = Products;
			sourceTree = "<group>";
		};
		BCBB9DEF2897E20700EF5635 /* Menu */ = {
			isa = PBXGroup;
			children = (
				BCBB9DF62897E42B00EF5635 /* Custom Cell */,
				BCBB9DF22897E21900EF5635 /* ExperimentsMenuViewController.swift */,
				BCBB9DF32897E21900EF5635 /* ExperimentsMenuViewController.xib */,
			);
			path = Menu;
			sourceTree = "<group>";
		};
		BCBB9DF62897E42B00EF5635 /* Custom Cell */ = {
			isa = PBXGroup;
			children = (
				BCBB9DF72897E44000EF5635 /* MenuTableViewCell.swift */,
				BCBB9DF82897E44000EF5635 /* MenuTableViewCell.xib */,
			);
			path = "Custom Cell";
			sourceTree = "<group>";
		};
		BCBB9DFB2897E92000EF5635 /* Video Player */ = {
			isa = PBXGroup;
			children = (
				BCC3CFC928509D1800633A5C /* VideoPlayerViewController.swift */,
				BCC3CFCA28509D1800633A5C /* VideoPlayerViewController.xib */,
			);
			path = "Video Player";
			sourceTree = "<group>";
		};
		BCBB9DFC2897E92D00EF5635 /* Audio  */ = {
			isa = PBXGroup;
			children = (
				BCBB9DFD2897E93600EF5635 /* Speech to Text */,
			);
			path = "Audio ";
			sourceTree = "<group>";
		};
		BCBB9DFD2897E93600EF5635 /* Speech to Text */ = {
			isa = PBXGroup;
			children = (
				BCBB9DFE2897EB8800EF5635 /* SppecToTextViewController.swift */,
				BCBB9DFF2897EB8800EF5635 /* SppecToTextViewController.xib */,
			);
			path = "Speech to Text";
			sourceTree = "<group>";
		};
		BCBB9E02289A2E9400EF5635 /* Video Recorder */ = {
			isa = PBXGroup;
			children = (
				BC9B6E1128221CD200A701C8 /* ViewController.swift */,
				BC9B6E1328221CD200A701C8 /* Main.storyboard */,
			);
			path = "Video Recorder";
			sourceTree = "<group>";
		};
/* End PBXGroup section */

/* Begin PBXNativeTarget section */
		BC9B6E0928221CD200A701C8 /* CVRecorderSampleApp */ = {
			isa = PBXNativeTarget;
			buildConfigurationList = BC9B6E1E28221CD400A701C8 /* Build configuration list for PBXNativeTarget "CVRecorderSampleApp" */;
			buildPhases = (
				0A527F4B2766DD00BDE34A4E /* [CP] Check Pods Manifest.lock */,
				BC9B6E0628221CD200A701C8 /* Sources */,
				BC9B6E0728221CD200A701C8 /* Frameworks */,
				BC9B6E0828221CD200A701C8 /* Resources */,
				BC9B6E63282224C600A701C8 /* Embed Frameworks */,
				A91B2741D2070BF1D41F4F94 /* [CP] Embed Pods Frameworks */,
			);
			buildRules = (
			);
			dependencies = (
			);
			name = CVRecorderSampleApp;
			productName = CVRecorderSampleApp;
			productReference = BC9B6E0A28221CD200A701C8 /* CVRecorderSampleApp.app */;
			productType = "com.apple.product-type.application";
		};
/* End PBXNativeTarget section */

/* Begin PBXProject section */
		BC9B6E0228221CD200A701C8 /* Project object */ = {
			isa = PBXProject;
			attributes = {
				BuildIndependentTargetsInParallel = 1;
				LastSwiftUpdateCheck = 1330;
				LastUpgradeCheck = 1330;
				TargetAttributes = {
					BC9B6E0928221CD200A701C8 = {
						CreatedOnToolsVersion = 13.3.1;
					};
				};
			};
			buildConfigurationList = BC9B6E0528221CD200A701C8 /* Build configuration list for PBXProject "CVRecorderSampleApp" */;
			compatibilityVersion = "Xcode 13.0";
			developmentRegion = en;
			hasScannedForEncodings = 0;
			knownRegions = (
				en,
				Base,
			);
			mainGroup = BC9B6E0128221CD200A701C8;
			productRefGroup = BC9B6E0B28221CD200A701C8 /* Products */;
			projectDirPath = "";
			projectReferences = (
				{
					ProductGroup = BC9B6E53282223C800A701C8 /* Products */;
					ProjectRef = BC9B6E52282223C800A701C8 /* CVRecorder.xcodeproj */;
				},
			);
			projectRoot = "";
			targets = (
				BC9B6E0928221CD200A701C8 /* CVRecorderSampleApp */,
			);
		};
/* End PBXProject section */

/* Begin PBXReferenceProxy section */
		BC9B6E58282223C800A701C8 /* CVRecorder.framework */ = {
			isa = PBXReferenceProxy;
			fileType = wrapper.framework;
			path = CVRecorder.framework;
			remoteRef = BC9B6E57282223C800A701C8 /* PBXContainerItemProxy */;
			sourceTree = BUILT_PRODUCTS_DIR;
		};
		BC9B6E5A282223C800A701C8 /* CVRecorderTests.xctest */ = {
			isa = PBXReferenceProxy;
			fileType = wrapper.cfbundle;
			path = CVRecorderTests.xctest;
			remoteRef = BC9B6E59282223C800A701C8 /* PBXContainerItemProxy */;
			sourceTree = BUILT_PRODUCTS_DIR;
		};
/* End PBXReferenceProxy section */

/* Begin PBXResourcesBuildPhase section */
		BC9B6E0828221CD200A701C8 /* Resources */ = {
			isa = PBXResourcesBuildPhase;
			buildActionMask = 2147483647;
			files = (
				BCBB9DFA2897E44000EF5635 /* MenuTableViewCell.xib in Resources */,
				BC9B6E1A28221CD400A701C8 /* LaunchScreen.storyboard in Resources */,
				BCBB9DF52897E21900EF5635 /* ExperimentsMenuViewController.xib in Resources */,
				BCBB9E012897EB8800EF5635 /* SppecToTextViewController.xib in Resources */,
				BCC3CFCC28509D1900633A5C /* VideoPlayerViewController.xib in Resources */,
				BC9B6E1728221CD400A701C8 /* Assets.xcassets in Resources */,
				BC9B6E1528221CD200A701C8 /* Main.storyboard in Resources */,
			);
			runOnlyForDeploymentPostprocessing = 0;
		};
/* End PBXResourcesBuildPhase section */

/* Begin PBXShellScriptBuildPhase section */
		0A527F4B2766DD00BDE34A4E /* [CP] Check Pods Manifest.lock */ = {
			isa = PBXShellScriptBuildPhase;
			buildActionMask = 2147483647;
			files = (
			);
			inputFileListPaths = (
			);
			inputPaths = (
				"${PODS_PODFILE_DIR_PATH}/Podfile.lock",
				"${PODS_ROOT}/Manifest.lock",
			);
			name = "[CP] Check Pods Manifest.lock";
			outputFileListPaths = (
			);
			outputPaths = (
				"$(DERIVED_FILE_DIR)/Pods-CVRecorderSampleApp-checkManifestLockResult.txt",
			);
			runOnlyForDeploymentPostprocessing = 0;
			shellPath = /bin/sh;
			shellScript = "diff \"${PODS_PODFILE_DIR_PATH}/Podfile.lock\" \"${PODS_ROOT}/Manifest.lock\" > /dev/null\nif [ $? != 0 ] ; then\n    # print error to STDERR\n    echo \"error: The sandbox is not in sync with the Podfile.lock. Run 'pod install' or update your CocoaPods installation.\" >&2\n    exit 1\nfi\n# This output is used by Xcode 'outputs' to avoid re-running this script phase.\necho \"SUCCESS\" > \"${SCRIPT_OUTPUT_FILE_0}\"\n";
			showEnvVarsInLog = 0;
		};
		A91B2741D2070BF1D41F4F94 /* [CP] Embed Pods Frameworks */ = {
			isa = PBXShellScriptBuildPhase;
			buildActionMask = 2147483647;
			files = (
			);
			inputFileListPaths = (
				"${PODS_ROOT}/Target Support Files/Pods-CVRecorderSampleApp/Pods-CVRecorderSampleApp-frameworks-${CONFIGURATION}-input-files.xcfilelist",
			);
			name = "[CP] Embed Pods Frameworks";
			outputFileListPaths = (
				"${PODS_ROOT}/Target Support Files/Pods-CVRecorderSampleApp/Pods-CVRecorderSampleApp-frameworks-${CONFIGURATION}-output-files.xcfilelist",
			);
			runOnlyForDeploymentPostprocessing = 0;
			shellPath = /bin/sh;
			shellScript = "\"${PODS_ROOT}/Target Support Files/Pods-CVRecorderSampleApp/Pods-CVRecorderSampleApp-frameworks.sh\"\n";
			showEnvVarsInLog = 0;
		};
/* End PBXShellScriptBuildPhase section */

/* Begin PBXSourcesBuildPhase section */
		BC9B6E0628221CD200A701C8 /* Sources */ = {
			isa = PBXSourcesBuildPhase;
			buildActionMask = 2147483647;
			files = (
				BC9B6E1228221CD200A701C8 /* ViewController.swift in Sources */,
				BCC3CFCB28509D1900633A5C /* VideoPlayerViewController.swift in Sources */,
				BCBB9DF92897E44000EF5635 /* MenuTableViewCell.swift in Sources */,
				BC9B6E0E28221CD200A701C8 /* AppDelegate.swift in Sources */,
				BCBB9DF42897E21900EF5635 /* ExperimentsMenuViewController.swift in Sources */,
				BC9B6E1028221CD200A701C8 /* SceneDelegate.swift in Sources */,
				BCBB9E002897EB8800EF5635 /* SppecToTextViewController.swift in Sources */,
			);
			runOnlyForDeploymentPostprocessing = 0;
		};
/* End PBXSourcesBuildPhase section */

/* Begin PBXVariantGroup section */
		BC9B6E1328221CD200A701C8 /* Main.storyboard */ = {
			isa = PBXVariantGroup;
			children = (
				BC9B6E1428221CD200A701C8 /* Base */,
			);
			name = Main.storyboard;
			sourceTree = "<group>";
		};
		BC9B6E1828221CD400A701C8 /* LaunchScreen.storyboard */ = {
			isa = PBXVariantGroup;
			children = (
				BC9B6E1928221CD400A701C8 /* Base */,
			);
			name = LaunchScreen.storyboard;
			sourceTree = "<group>";
		};
/* End PBXVariantGroup section */

/* Begin XCBuildConfiguration section */
		BC9B6E1C28221CD400A701C8 /* Debug */ = {
			isa = XCBuildConfiguration;
			buildSettings = {
				ALWAYS_SEARCH_USER_PATHS = NO;
				CLANG_ANALYZER_NONNULL = YES;
				CLANG_ANALYZER_NUMBER_OBJECT_CONVERSION = YES_AGGRESSIVE;
				CLANG_CXX_LANGUAGE_STANDARD = "gnu++17";
				CLANG_ENABLE_MODULES = YES;
				CLANG_ENABLE_OBJC_ARC = YES;
				CLANG_ENABLE_OBJC_WEAK = YES;
				CLANG_WARN_BLOCK_CAPTURE_AUTORELEASING = YES;
				CLANG_WARN_BOOL_CONVERSION = YES;
				CLANG_WARN_COMMA = YES;
				CLANG_WARN_CONSTANT_CONVERSION = YES;
				CLANG_WARN_DEPRECATED_OBJC_IMPLEMENTATIONS = YES;
				CLANG_WARN_DIRECT_OBJC_ISA_USAGE = YES_ERROR;
				CLANG_WARN_DOCUMENTATION_COMMENTS = YES;
				CLANG_WARN_EMPTY_BODY = YES;
				CLANG_WARN_ENUM_CONVERSION = YES;
				CLANG_WARN_INFINITE_RECURSION = YES;
				CLANG_WARN_INT_CONVERSION = YES;
				CLANG_WARN_NON_LITERAL_NULL_CONVERSION = YES;
				CLANG_WARN_OBJC_IMPLICIT_RETAIN_SELF = YES;
				CLANG_WARN_OBJC_LITERAL_CONVERSION = YES;
				CLANG_WARN_OBJC_ROOT_CLASS = YES_ERROR;
				CLANG_WARN_QUOTED_INCLUDE_IN_FRAMEWORK_HEADER = YES;
				CLANG_WARN_RANGE_LOOP_ANALYSIS = YES;
				CLANG_WARN_STRICT_PROTOTYPES = YES;
				CLANG_WARN_SUSPICIOUS_MOVE = YES;
				CLANG_WARN_UNGUARDED_AVAILABILITY = YES_AGGRESSIVE;
				CLANG_WARN_UNREACHABLE_CODE = YES;
				CLANG_WARN__DUPLICATE_METHOD_MATCH = YES;
				COPY_PHASE_STRIP = NO;
				DEBUG_INFORMATION_FORMAT = dwarf;
				ENABLE_STRICT_OBJC_MSGSEND = YES;
				ENABLE_TESTABILITY = YES;
				GCC_C_LANGUAGE_STANDARD = gnu11;
				GCC_DYNAMIC_NO_PIC = NO;
				GCC_NO_COMMON_BLOCKS = YES;
				GCC_OPTIMIZATION_LEVEL = 0;
				GCC_PREPROCESSOR_DEFINITIONS = (
					"DEBUG=1",
					"$(inherited)",
				);
				GCC_WARN_64_TO_32_BIT_CONVERSION = YES;
				GCC_WARN_ABOUT_RETURN_TYPE = YES_ERROR;
				GCC_WARN_UNDECLARED_SELECTOR = YES;
				GCC_WARN_UNINITIALIZED_AUTOS = YES_AGGRESSIVE;
				GCC_WARN_UNUSED_FUNCTION = YES;
				GCC_WARN_UNUSED_VARIABLE = YES;
				IPHONEOS_DEPLOYMENT_TARGET = 15.4;
				MTL_ENABLE_DEBUG_INFO = INCLUDE_SOURCE;
				MTL_FAST_MATH = YES;
				ONLY_ACTIVE_ARCH = YES;
				SDKROOT = iphoneos;
				SWIFT_ACTIVE_COMPILATION_CONDITIONS = DEBUG;
				SWIFT_OPTIMIZATION_LEVEL = "-Onone";
			};
			name = Debug;
		};
		BC9B6E1D28221CD400A701C8 /* Release */ = {
			isa = XCBuildConfiguration;
			buildSettings = {
				ALWAYS_SEARCH_USER_PATHS = NO;
				CLANG_ANALYZER_NONNULL = YES;
				CLANG_ANALYZER_NUMBER_OBJECT_CONVERSION = YES_AGGRESSIVE;
				CLANG_CXX_LANGUAGE_STANDARD = "gnu++17";
				CLANG_ENABLE_MODULES = YES;
				CLANG_ENABLE_OBJC_ARC = YES;
				CLANG_ENABLE_OBJC_WEAK = YES;
				CLANG_WARN_BLOCK_CAPTURE_AUTORELEASING = YES;
				CLANG_WARN_BOOL_CONVERSION = YES;
				CLANG_WARN_COMMA = YES;
				CLANG_WARN_CONSTANT_CONVERSION = YES;
				CLANG_WARN_DEPRECATED_OBJC_IMPLEMENTATIONS = YES;
				CLANG_WARN_DIRECT_OBJC_ISA_USAGE = YES_ERROR;
				CLANG_WARN_DOCUMENTATION_COMMENTS = YES;
				CLANG_WARN_EMPTY_BODY = YES;
				CLANG_WARN_ENUM_CONVERSION = YES;
				CLANG_WARN_INFINITE_RECURSION = YES;
				CLANG_WARN_INT_CONVERSION = YES;
				CLANG_WARN_NON_LITERAL_NULL_CONVERSION = YES;
				CLANG_WARN_OBJC_IMPLICIT_RETAIN_SELF = YES;
				CLANG_WARN_OBJC_LITERAL_CONVERSION = YES;
				CLANG_WARN_OBJC_ROOT_CLASS = YES_ERROR;
				CLANG_WARN_QUOTED_INCLUDE_IN_FRAMEWORK_HEADER = YES;
				CLANG_WARN_RANGE_LOOP_ANALYSIS = YES;
				CLANG_WARN_STRICT_PROTOTYPES = YES;
				CLANG_WARN_SUSPICIOUS_MOVE = YES;
				CLANG_WARN_UNGUARDED_AVAILABILITY = YES_AGGRESSIVE;
				CLANG_WARN_UNREACHABLE_CODE = YES;
				CLANG_WARN__DUPLICATE_METHOD_MATCH = YES;
				COPY_PHASE_STRIP = NO;
				DEBUG_INFORMATION_FORMAT = "dwarf-with-dsym";
				ENABLE_NS_ASSERTIONS = NO;
				ENABLE_STRICT_OBJC_MSGSEND = YES;
				GCC_C_LANGUAGE_STANDARD = gnu11;
				GCC_NO_COMMON_BLOCKS = YES;
				GCC_WARN_64_TO_32_BIT_CONVERSION = YES;
				GCC_WARN_ABOUT_RETURN_TYPE = YES_ERROR;
				GCC_WARN_UNDECLARED_SELECTOR = YES;
				GCC_WARN_UNINITIALIZED_AUTOS = YES_AGGRESSIVE;
				GCC_WARN_UNUSED_FUNCTION = YES;
				GCC_WARN_UNUSED_VARIABLE = YES;
				IPHONEOS_DEPLOYMENT_TARGET = 15.4;
				MTL_ENABLE_DEBUG_INFO = NO;
				MTL_FAST_MATH = YES;
				SDKROOT = iphoneos;
				SWIFT_COMPILATION_MODE = wholemodule;
				SWIFT_OPTIMIZATION_LEVEL = "-O";
				VALIDATE_PRODUCT = YES;
			};
			name = Release;
		};
		BC9B6E1F28221CD400A701C8 /* Debug */ = {
			isa = XCBuildConfiguration;
			baseConfigurationReference = 9D58114579EDCD6BDE907B96 /* Pods-CVRecorderSampleApp.debug.xcconfig */;
			buildSettings = {
				ASSETCATALOG_COMPILER_APPICON_NAME = AppIcon;
				ASSETCATALOG_COMPILER_GLOBAL_ACCENT_COLOR_NAME = AccentColor;
				CODE_SIGN_STYLE = Automatic;
				CURRENT_PROJECT_VERSION = 1;
				DEVELOPMENT_TEAM = 5P444KAF92;
				GENERATE_INFOPLIST_FILE = YES;
				INFOPLIST_FILE = CVRecorderSampleApp/Info.plist;
				INFOPLIST_KEY_NSCameraUsageDescription = Camera;
				INFOPLIST_KEY_NSMicrophoneUsageDescription = Mic;
				INFOPLIST_KEY_NSPhotoLibraryAddUsageDescription = "Photos ";
				INFOPLIST_KEY_NSPhotoLibraryUsageDescription = "Save Videos";
				INFOPLIST_KEY_UIApplicationSupportsIndirectInputEvents = YES;
				INFOPLIST_KEY_UILaunchStoryboardName = LaunchScreen;
				INFOPLIST_KEY_UIMainStoryboardFile = Main;
				INFOPLIST_KEY_UISupportedInterfaceOrientations_iPad = "UIInterfaceOrientationPortrait UIInterfaceOrientationPortraitUpsideDown UIInterfaceOrientationLandscapeLeft UIInterfaceOrientationLandscapeRight";
				INFOPLIST_KEY_UISupportedInterfaceOrientations_iPhone = "UIInterfaceOrientationPortrait UIInterfaceOrientationLandscapeLeft UIInterfaceOrientationLandscapeRight";
				LD_RUNPATH_SEARCH_PATHS = (
					"$(inherited)",
					"@executable_path/Frameworks",
				);
				MARKETING_VERSION = 1.0;
				PRODUCT_BUNDLE_IDENTIFIER = com.hl.TestTflite.CVRecorderSampleApp;
				PRODUCT_NAME = "$(TARGET_NAME)";
				SWIFT_EMIT_LOC_STRINGS = YES;
				SWIFT_VERSION = 5.0;
				TARGETED_DEVICE_FAMILY = "1,2";
			};
			name = Debug;
		};
		BC9B6E2028221CD400A701C8 /* Release */ = {
			isa = XCBuildConfiguration;
			baseConfigurationReference = 1E40461B46CD4AFF8695B73B /* Pods-CVRecorderSampleApp.release.xcconfig */;
			buildSettings = {
				ASSETCATALOG_COMPILER_APPICON_NAME = AppIcon;
				ASSETCATALOG_COMPILER_GLOBAL_ACCENT_COLOR_NAME = AccentColor;
				CODE_SIGN_STYLE = Automatic;
				CURRENT_PROJECT_VERSION = 1;
				DEVELOPMENT_TEAM = 5P444KAF92;
				GENERATE_INFOPLIST_FILE = YES;
				INFOPLIST_FILE = CVRecorderSampleApp/Info.plist;
				INFOPLIST_KEY_NSCameraUsageDescription = Camera;
				INFOPLIST_KEY_NSMicrophoneUsageDescription = Mic;
				INFOPLIST_KEY_NSPhotoLibraryAddUsageDescription = "Photos ";
				INFOPLIST_KEY_NSPhotoLibraryUsageDescription = "Save Videos";
				INFOPLIST_KEY_UIApplicationSupportsIndirectInputEvents = YES;
				INFOPLIST_KEY_UILaunchStoryboardName = LaunchScreen;
				INFOPLIST_KEY_UIMainStoryboardFile = Main;
				INFOPLIST_KEY_UISupportedInterfaceOrientations_iPad = "UIInterfaceOrientationPortrait UIInterfaceOrientationPortraitUpsideDown UIInterfaceOrientationLandscapeLeft UIInterfaceOrientationLandscapeRight";
				INFOPLIST_KEY_UISupportedInterfaceOrientations_iPhone = "UIInterfaceOrientationPortrait UIInterfaceOrientationLandscapeLeft UIInterfaceOrientationLandscapeRight";
				LD_RUNPATH_SEARCH_PATHS = (
					"$(inherited)",
					"@executable_path/Frameworks",
				);
				MARKETING_VERSION = 1.0;
				PRODUCT_BUNDLE_IDENTIFIER = com.hl.TestTflite.CVRecorderSampleApp;
				PRODUCT_NAME = "$(TARGET_NAME)";
				SWIFT_EMIT_LOC_STRINGS = YES;
				SWIFT_VERSION = 5.0;
				TARGETED_DEVICE_FAMILY = "1,2";
			};
			name = Release;
		};
/* End XCBuildConfiguration section */

/* Begin XCConfigurationList section */
		BC9B6E0528221CD200A701C8 /* Build configuration list for PBXProject "CVRecorderSampleApp" */ = {
			isa = XCConfigurationList;
			buildConfigurations = (
				BC9B6E1C28221CD400A701C8 /* Debug */,
				BC9B6E1D28221CD400A701C8 /* Release */,
			);
			defaultConfigurationIsVisible = 0;
			defaultConfigurationName = Release;
		};
		BC9B6E1E28221CD400A701C8 /* Build configuration list for PBXNativeTarget "CVRecorderSampleApp" */ = {
			isa = XCConfigurationList;
			buildConfigurations = (
				BC9B6E1F28221CD400A701C8 /* Debug */,
				BC9B6E2028221CD400A701C8 /* Release */,
			);
			defaultConfigurationIsVisible = 0;
			defaultConfigurationName = Release;
		};
/* End XCConfigurationList section */
	};
	rootObject = BC9B6E0228221CD200A701C8 /* Project object */;
}
